
Microsoft Visual Studio Solution File, Format Version 12.00
# Visual Studio Version 16
VisualStudioVersion = 16.0.30907.101
MinimumVisualStudioVersion = 10.0.40219.1
Project("{FAE04EC0-301F-11D3-BF4B-00C04F79EFBC}") = "ScriptunasMVCWebProject", "ScriptunasMVCWebProject\ScriptunasMVCWebProject.csproj", "{5766AEE0-28EE-47E5-9D57-22C12994EAC0}"
EndProject
Project("{FAE04EC0-301F-11D3-BF4B-00C04F79EFBC}") = "ScriptunasTestProject", "ScriptunasTestProject\ScriptunasTestProject.csproj", "{ED68B346-7DAC-4EF0-8871-7065BE0E1A66}"
EndProject
Global
	GlobalSection(SolutionConfigurationPlatforms) = preSolution
		Debug|Any CPU = Debug|Any CPU
		Release|Any CPU = Release|Any CPU
	EndGlobalSection
	GlobalSection(ProjectConfigurationPlatforms) = postSolution
		{5766AEE0-28EE-47E5-9D57-22C12994EAC0}.Debug|Any CPU.ActiveCfg = Debug|Any CPU
		{5766AEE0-28EE-47E5-9D57-22C12994EAC0}.Debug|Any CPU.Build.0 = Debug|Any CPU
		{5766AEE0-28EE-47E5-9D57-22C12994EAC0}.Release|Any CPU.ActiveCfg = Release|Any CPU
		{5766AEE0-28EE-47E5-9D57-22C12994EAC0}.Release|Any CPU.Build.0 = Release|Any CPU
		{ED68B346-7DAC-4EF0-8871-7065BE0E1A66}.Debug|Any CPU.ActiveCfg = Debug|Any CPU
		{ED68B346-7DAC-4EF0-8871-7065BE0E1A66}.Debug|Any CPU.Build.0 = Debug|Any CPU
		{ED68B346-7DAC-4EF0-8871-7065BE0E1A66}.Release|Any CPU.ActiveCfg = Release|Any CPU
		{ED68B346-7DAC-4EF0-8871-7065BE0E1A66}.Release|Any CPU.Build.0 = Release|Any CPU
	EndGlobalSection
	GlobalSection(SolutionProperties) = preSolution
		HideSolutionNode = FALSE
	EndGlobalSection
	GlobalSection(ExtensibilityGlobals) = postSolution
		SolutionGuid = {0E58A325-1CA4-45AC-92EE-7E0C06E8B2E8}
	EndGlobalSection
EndGlobal
